dependencies:
  espressif/bootloader_support_plus:
    component_hash: 90dbad17b31c2b0551f1d231c7a71c20e87b8bc2e0f6d69e1af63cec06e68ee6
    dependencies:
    - name: espressif/xz
      registry_url: https://components.espressif.com
      require: private
      version: 1.*
    - name: idf
      require: private
      version: '>=5.0'
    - name: espressif/cmake_utilities
      registry_url: https://components.espressif.com
      require: private
      version: 0.*
    source:
      registry_url: https://components.espressif.com/
      type: service
    targets:
    - esp32c2
    - esp32c3
    - esp32c6
    - esp32
    - esp32h2
    version: 0.2.6
  espressif/button:
    component_hash: a405a99689f636e84cd67da34a85a88d0d3a1aa514a28f60d18bd370c1378e0b
    dependencies:
    - name: espressif/cmake_utilities
      registry_url: https://components.espressif.com
      require: private
      version: 0.*
    - name: idf
      require: private
      version: '>=4.0'
    source:
      registry_url: https://components.espressif.com/
      type: service
    version: 4.0.0
  espressif/cmake_utilities:
    component_hash: 351350613ceafba240b761b4ea991e0f231ac7a9f59a9ee901f751bddc0bb18f
    dependencies:
    - name: idf
      require: private
      version: '>=4.1'
    source:
      registry_url: https://components.espressif.com/
      type: service
    version: 0.5.3
  espressif/led_strip:
    component_hash: f907c58f722c58ab8545366668cfd8769cefb7d97a631a14e9d16234cc72bdff
    dependencies:
    - name: idf
      require: private
      version: '>=5.0'
    source:
      registry_url: https://components.espressif.com/
      type: service
    version: 3.0.0
  espressif/ntc_driver:
    component_hash: 9f263658e8024a2fd1cd784efc345da12522fd72108143bf2b27fc36df0198f1
    dependencies:
    - name: espressif/cmake_utilities
      registry_url: https://components.espressif.com
      require: private
      version: 0.*
    - name: idf
      require: private
      version: '>=5.0'
    source:
      registry_url: https://components.espressif.com/
      type: service
    version: 1.1.0
  espressif/xz:
    component_hash: 9a556b2c7f7450af379d28c6c1e999595ffeacddf11d4388fe869060f6fa2dab
    dependencies:
    - name: idf
      require: private
      version: '>=4.1'
    source:
      registry_url: https://components.espressif.com
      type: service
    version: 1.0.0
  idf:
    source:
      type: idf
    version: 5.2.3
  joltwallet/littlefs:
    component_hash: add3caf39a265868f70e55f17e8bfb401f200e45a601dc392832e7ac2c1487bc
    dependencies:
    - name: idf
      require: private
      version: '>=4.3'
    source:
      registry_url: https://components.espressif.com/
      type: service
    version: 1.16.4
direct_dependencies:
- espressif/bootloader_support_plus
- espressif/button
- espressif/cmake_utilities
- espressif/led_strip
- espressif/ntc_driver
- idf
- joltwallet/littlefs
manifest_hash: e130424e6d22a2189f7404477d526364e38de041f42c05b3b3de745e64367ff9
target: esp32c3
version: 2.0.0
